hash: f45f3801e5da720626e2368fa838d7a52ac67123b20954f40345512aee171713
updated: 2017-06-29T20:24:54.910075154Z
imports:
- name: github.com/beevik/etree
  version: 1095c300fba68cb7f7895c0f96b2d34927f8115b
- name: github.com/danieljoos/wincred
  version: 412b574fb496839b312a75fba146bd32a89001cf
- name: github.com/godbus/dbus
  version: b038411ec341afd52c6d36d8baae92a29e6e8a9e
- name: github.com/golang/snappy
  version: 553a641470496b2327abcac10b36396bd98e45c9
- name: github.com/howeyc/gopass
  version: bf9dde6d0d2c004a008c27aaee91170c786f6db8
- name: github.com/inconshreveable/mousetrap
  version: 76626ae9c91c4f2a10f34cad8ce83ea42c93bb75
- name: github.com/kr/pretty
  version: cfb55aafdaf3ec08f0db22699ab822c50091b1c4
- name: github.com/kr/text
  version: 7cafcd837844e784b526369c9bce262804aebc60
- name: github.com/lib/pq
  version: 2704adc878c21e1329f46f6e56a1c387d788ff94
  subpackages:
  - oid
- name: github.com/mattn/go-shellwords
  version: 02e3cf038dcea8290e44424da473dd12be796a8a
- name: github.com/miekg/pkcs11
  version: 636cb96609ab6584717cdcee8ae9f65f1c79d21e
  repo: https://github.com/mtharp/pkcs11
- name: github.com/op/go-logging
  version: 970db520ece77730c7e4724c61121037378659d9
- name: github.com/qur/ar
  version: 282534b917707a0e6639276266fa6421c634af2d
- name: github.com/sassoftware/go-rpmutils
  version: 1eab34795a2977e6827eba524d3d2b976804abbc
  subpackages:
  - cpio
  - fileutil
- name: github.com/satori/go.uuid
  version: 5bf94b69c6b68ee1b541973bb8e1144db23a194b
- name: github.com/spf13/cobra
  version: b6cb3958937245a12d4d7728be080a6c758f4136
- name: github.com/spf13/pflag
  version: d627760950273646f006d2b4f2dd815ba6d9556e
- name: github.com/streadway/amqp
  version: afe8eee29a74d213b1f3fb2586058157c397da60
- name: github.com/zalando/go-keyring
  version: dcbcb8215e7449155ca2bd5b4fc67e0b91e175f1
  subpackages:
  - secret_service
- name: golang.org/x/crypto
  version: cbc3d0884eac986df6e78a039b8792e869bff863
  subpackages:
  - cast5
  - openpgp
  - openpgp/armor
  - openpgp/clearsign
  - openpgp/elgamal
  - openpgp/errors
  - openpgp/packet
  - openpgp/s2k
  - pkcs12
  - pkcs12/internal/rc2
  - ssh/terminal
- name: golang.org/x/net
  version: 5602c733f70afc6dcec6766be0d5034d4c4f14de
  subpackages:
  - http2
  - http2/hpack
  - idna
  - lex/httplex
- name: golang.org/x/sys
  version: f3918c30c5c2cb527c0b071a27c35120a6c0719a
  subpackages:
  - unix
  - windows
  - windows/registry
  - windows/svc
  - windows/svc/debug
  - windows/svc/eventlog
  - windows/svc/mgr
- name: golang.org/x/text
  version: f4b4367115ec2de254587813edaa901bc1c723a8
  subpackages:
  - secure/bidirule
  - transform
  - unicode/bidi
  - unicode/norm
- name: gopkg.in/yaml.v2
  version: a3f3340b5840cee44f372bddb5880fcbc419b46a
- name: xi2.org/x/xz
  version: 19aeb13c4e7cb6bd3188dfede73840f33455425a
testImports: []
