hash: 16d2f17a225cd0ec1b5685b41edaea051df496fba24d4b1b2d59b3a595fe8516
updated: 2017-03-21T18:08:22.44263798Z
imports:
- name: github.com/beevik/etree
  version: 1095c300fba68cb7f7895c0f96b2d34927f8115b
- name: github.com/braintree/manners
  version: 82a8879fc5fd0381fa8b2d8033b19bf255252088
- name: github.com/danieljoos/wincred
  version: cbe0c0023057b04ad78c6de5e8cb85ea9b5315be
- name: github.com/godbus/dbus
  version: fe0e1d54eaeda11a9979659a8d32f459e88bee75
- name: github.com/howeyc/gopass
  version: bf9dde6d0d2c004a008c27aaee91170c786f6db8
- name: github.com/inconshreveable/mousetrap
  version: 76626ae9c91c4f2a10f34cad8ce83ea42c93bb75
- name: github.com/lib/pq
  version: ca5bc43047f2138703da0f3d3ca89a59f3d597f1
  subpackages:
  - oid
- name: github.com/mattn/go-shellwords
  version: 005a0944d84452842197c2108bd9168ced206f78
- name: github.com/miekg/pkcs11
  version: 877dc7e79bbbb5e789535cc3abea8f5db62f81a9
  repo: https://github.com/mtharp/pkcs11
- name: github.com/op/go-logging
  version: 970db520ece77730c7e4724c61121037378659d9
- name: github.com/qur/ar
  version: 282534b917707a0e6639276266fa6421c634af2d
- name: github.com/sassoftware/go-rpmutils
  version: 9655c9336de71373d6dd35fa35b597927da4255b
  subpackages:
  - cpio
  - fileutil
- name: github.com/satori/go.uuid
  version: b061729afc07e77a8aa4fad0a2fd840958f1942a
- name: github.com/spf13/cobra
  version: 16c014f1a19d865b765b420e74508f80eb831ada
- name: github.com/spf13/pflag
  version: 9ff6c6923cfffbcd502984b8e0c80539a94968b7
- name: github.com/streadway/amqp
  version: ce1c69d94c3efdb1f287015f851b17db8fa205b1
- name: github.com/zalando/go-keyring
  version: dcbcb8215e7449155ca2bd5b4fc67e0b91e175f1
  subpackages:
  - secret_service
- name: golang.org/x/crypto
  version: 728b753d0135da6801d45a38e6f43ff55779c5c2
  subpackages:
  - cast5
  - openpgp
  - openpgp/armor
  - openpgp/clearsign
  - openpgp/elgamal
  - openpgp/errors
  - openpgp/packet
  - openpgp/s2k
  - ssh/terminal
- name: golang.org/x/net
  version: d379faa25cbdc04d653984913a2ceb43b0bc46d7
  subpackages:
  - http2
  - http2/hpack
  - idna
  - lex/httplex
- name: golang.org/x/sys
  version: 99f16d856c9836c42d24e7ab64ea72916925fa97
  subpackages:
  - unix
  - windows
  - windows/registry
  - windows/svc
  - windows/svc/debug
  - windows/svc/eventlog
  - windows/svc/mgr
- name: gopkg.in/yaml.v2
  version: a3f3340b5840cee44f372bddb5880fcbc419b46a
- name: xi2.org/x/xz
  version: 19aeb13c4e7cb6bd3188dfede73840f33455425a
testImports: []
