# This file is autogenerated, do not edit; changes may be undone by the next 'dep ensure'.


[[projects]]
  digest = "1:b5f28f7eda54d2695765c778c951a2ace52c06afb7da1f7e0c7485baa5b02100"
  name = "github.com/beevik/etree"
  packages = ["."]
  pruneopts = ""
  revision = "9d7e8feddccb4ed1b8afb54e368bd323d2ff652c"
  version = "v1.0.1"

[[projects]]
  branch = "master"
  digest = "1:339bac0d398920a11fd7e8a7fbd4f133d4edd4faa1c2cbaba256d3684a266019"
  name = "github.com/bradfitz/gomemcache"
  packages = ["memcache"]
  pruneopts = ""
  revision = "bc664df9673713a0ccf26e3b55a673ec7301088b"

[[projects]]
  digest = "1:a0a137c32515be7033c09be792a79b20d8c69e1891bf3f797e8ba83ecbb4b1fe"
  name = "github.com/danieljoos/wincred"
  packages = ["."]
  pruneopts = ""
  revision = "412b574fb496839b312a75fba146bd32a89001cf"
  version = "v1.0.1"

[[projects]]
  digest = "1:e772845668c277db6fcc8c6fcf31664c74851f6cce4d225be4f4adbee3861057"
  name = "github.com/godbus/dbus"
  packages = ["."]
  pruneopts = ""
  revision = "a389bdde4dd695d414e47b755e95e72b7826432c"
  version = "v4.1.0"

[[projects]]
  branch = "master"
  digest = "1:2a5888946cdbc8aa360fd43301f9fc7869d663f60d5eedae7d4e6e5e4f06f2bf"
  name = "github.com/golang/snappy"
  packages = ["."]
  pruneopts = ""
  revision = "2e65f85255dbc3072edf28d6b5b8efc472979f5a"

[[projects]]
  branch = "master"
  digest = "1:f81c8d7354cc0c6340f2f7a48724ee6c2b3db3e918ecd441c985b4d2d97dd3e7"
  name = "github.com/howeyc/gopass"
  packages = ["."]
  pruneopts = ""
  revision = "bf9dde6d0d2c004a008c27aaee91170c786f6db8"

[[projects]]
  digest = "1:870d441fe217b8e689d7949fef6e43efbc787e50f200cb1e70dbca9204a1d6be"
  name = "github.com/inconshreveable/mousetrap"
  packages = ["."]
  pruneopts = ""
  revision = "76626ae9c91c4f2a10f34cad8ce83ea42c93bb75"
  version = "v1.0"

[[projects]]
  digest = "1:3108ec0946181c60040ff51b811908f89d03e521e2b4ade5ef5c65b3c0e911ae"
  name = "github.com/kr/pretty"
  packages = ["."]
  pruneopts = ""
  revision = "73f6ac0b30a98e433b289500d779f50c1a6f0712"
  version = "v0.1.0"

[[projects]]
  digest = "1:11b056b4421396ab14e384ab8ab8c2079b03f1e51aa5eb4d9b81f9e0d1aa8fbf"
  name = "github.com/kr/text"
  packages = ["."]
  pruneopts = ""
  revision = "e2ffdb16a802fe2bb95e2e35ff34f0e53aeef34f"
  version = "v0.1.0"

[[projects]]
  branch = "master"
  digest = "1:09792d732b079867772cdbabdf7dc54ef9f9d04c998a9ce6226657151fccbb94"
  name = "github.com/lib/pq"
  packages = [
    ".",
    "oid",
  ]
  pruneopts = ""
  revision = "90697d60dd844d5ef6ff15135d0203f65d2f53b8"

[[projects]]
  branch = "master"
  digest = "1:dda26c6c2376621e1e72e78c6855049385dae5cd973442f47408af6e8e106fb1"
  name = "github.com/miekg/pkcs11"
  packages = ["."]
  pruneopts = ""
  revision = "287d9350987cc9334667882061e202e96cdfb4d0"

[[projects]]
  digest = "1:8e4f739f290a3d6f38b7b6d8f704be3fbff599f755e16745a1983f3e6e1b0b7e"
  name = "github.com/op/go-logging"
  packages = ["."]
  pruneopts = ""
  revision = "b2cb9fa56473e98db8caba80237377e83fe44db5"
  version = "v1"

[[projects]]
  digest = "1:7365acd48986e205ccb8652cc746f09c8b7876030d53710ea6ef7d0bd0dcd7ca"
  name = "github.com/pkg/errors"
  packages = ["."]
  pruneopts = ""
  revision = "645ef00459ed84a119197bfb8d8205042c6df63d"
  version = "v0.8.0"

[[projects]]
  branch = "master"
  digest = "1:38de7dbd1f2e9ac2a76fef83e059f9efceadcc5e8d443f3a70382b47a76ec79c"
  name = "github.com/qur/ar"
  packages = ["."]
  pruneopts = ""
  revision = "282534b917707a0e6639276266fa6421c634af2d"

[[projects]]
  branch = "master"
  digest = "1:65446e0199c03c9ca083e69734cbe0399707e6121da75af5a09e82609eb65b45"
  name = "github.com/sassoftware/go-rpmutils"
  packages = [
    ".",
    "cpio",
    "fileutil",
  ]
  pruneopts = ""
  revision = "8c470ded63c3eb27c1aa3e7b08142f70f811e693"

[[projects]]
  digest = "1:7f569d906bdd20d906b606415b7d794f798f91a62fcfb6a4daa6d50690fb7a3f"
  name = "github.com/satori/go.uuid"
  packages = ["."]
  pruneopts = ""
  revision = "f58768cc1a7a7e77a3bd49e98cdd21419399b6a3"
  version = "v1.2.0"

[[projects]]
  digest = "1:a1403cc8a94b8d7956ee5e9694badef0e7b051af289caad1cf668331e3ffa4f6"
  name = "github.com/spf13/cobra"
  packages = ["."]
  pruneopts = ""
  revision = "ef82de70bb3f60c65fb8eebacbb2d122ef517385"
  version = "v0.0.3"

[[projects]]
  digest = "1:0a52bcb568386d98f4894575d53ce3e456f56471de6897bb8b9de13c33d9340e"
  name = "github.com/spf13/pflag"
  packages = ["."]
  pruneopts = ""
  revision = "9a97c102cda95a86cec2345a6f09f55a939babf5"
  version = "v1.0.2"

[[projects]]
  branch = "master"
  digest = "1:cca262ebe762af6f1cef5f9134b2b8d04fd77b69938851d253faee4aed7322ad"
  name = "github.com/streadway/amqp"
  packages = ["."]
  pruneopts = ""
  revision = "70e15c650864f4fc47f5d3c82ea117285480895d"

[[projects]]
  branch = "master"
  digest = "1:5d5ea0c53c32b0465b910eb1d98b045c2f14c416880c54dd5356a1c6b4569041"
  name = "github.com/xi2/xz"
  packages = ["."]
  pruneopts = ""
  revision = "48954b6210f8d154cb5f8484d3a3e1f83489309e"

[[projects]]
  branch = "master"
  digest = "1:3a68300fea6c3392d3959fc993b7c0e86cc45b403d04477d0acd0e96f1a933a0"
  name = "github.com/zalando/go-keyring"
  packages = [
    ".",
    "secret_service",
  ]
  pruneopts = ""
  revision = "6d81c293b3fbc8a9b1bcf4bc9c167c2e1d1f52cf"

[[projects]]
  branch = "master"
  digest = "1:4cae11053a5fc8e7b08228fcc14d161d3e60b64ba508a8b216937da472690991"
  name = "golang.org/x/crypto"
  packages = [
    "cast5",
    "openpgp",
    "openpgp/armor",
    "openpgp/clearsign",
    "openpgp/elgamal",
    "openpgp/errors",
    "openpgp/packet",
    "openpgp/s2k",
    "pkcs12",
    "pkcs12/internal/rc2",
    "ssh/terminal",
  ]
  pruneopts = ""
  revision = "de0752318171da717af4ce24d0a2e8626afaeb11"

[[projects]]
  branch = "master"
  digest = "1:98219b20d296a0031fdb434d30ca6e109623a09530a76cf57e41c94bd1e391a0"
  name = "golang.org/x/net"
  packages = [
    "context",
    "http/httpguts",
    "http2",
    "http2/hpack",
    "idna",
  ]
  pruneopts = ""
  revision = "c39426892332e1bb5ec0a434a079bf82f5d30c54"

[[projects]]
  branch = "master"
  digest = "1:b2ea75de0ccb2db2ac79356407f8a4cd8f798fe15d41b381c00abf3ae8e55ed1"
  name = "golang.org/x/sync"
  packages = ["errgroup"]
  pruneopts = ""
  revision = "1d60e4601c6fd243af51cc01ddf169918a5407ca"

[[projects]]
  branch = "master"
  digest = "1:b779cc85de245422bf70d8a21e6afcf3c0591eca64dc507feb9f054f64b21ab9"
  name = "golang.org/x/sys"
  packages = [
    "unix",
    "windows",
  ]
  pruneopts = ""
  revision = "4e1fef5609515ec7a2cee7b5de30ba6d9b438cbf"

[[projects]]
  digest = "1:5acd3512b047305d49e8763eef7ba423901e85d5dd2fd1e71778a0ea8de10bd4"
  name = "golang.org/x/text"
  packages = [
    "collate",
    "collate/build",
    "internal/colltab",
    "internal/gen",
    "internal/tag",
    "internal/triegen",
    "internal/ucd",
    "language",
    "secure/bidirule",
    "transform",
    "unicode/bidi",
    "unicode/cldr",
    "unicode/norm",
    "unicode/rangetable",
  ]
  pruneopts = ""
  revision = "f21a4dfb5e38f5895301dc265a8def02365cc3d0"
  version = "v0.3.0"

[[projects]]
  branch = "master"
  digest = "1:55a681cb66f28755765fa5fa5104cbd8dc85c55c02d206f9f89566451e3fe1aa"
  name = "golang.org/x/time"
  packages = ["rate"]
  pruneopts = ""
  revision = "fbb02b2291d28baffd63558aa44b4b56f178d650"

[[projects]]
  digest = "1:f0620375dd1f6251d9973b5f2596228cc8042e887cd7f827e4220bc1ce8c30e2"
  name = "gopkg.in/yaml.v2"
  packages = ["."]
  pruneopts = ""
  revision = "5420a8b6744d3b0345ab293f6fcba19c978f1183"
  version = "v2.2.1"

[solve-meta]
  analyzer-name = "dep"
  analyzer-version = 1
  input-imports = [
    "github.com/beevik/etree",
    "github.com/bradfitz/gomemcache/memcache",
    "github.com/golang/snappy",
    "github.com/howeyc/gopass",
    "github.com/kr/pretty",
    "github.com/lib/pq",
    "github.com/miekg/pkcs11",
    "github.com/pkg/errors",
    "github.com/qur/ar",
    "github.com/sassoftware/go-rpmutils",
    "github.com/satori/go.uuid",
    "github.com/spf13/cobra",
    "github.com/spf13/pflag",
    "github.com/streadway/amqp",
    "github.com/xi2/xz",
    "github.com/zalando/go-keyring",
    "golang.org/x/crypto/openpgp",
    "golang.org/x/crypto/openpgp/armor",
    "golang.org/x/crypto/openpgp/clearsign",
    "golang.org/x/crypto/openpgp/packet",
    "golang.org/x/crypto/pkcs12",
    "golang.org/x/crypto/ssh/terminal",
    "golang.org/x/net/http2",
    "golang.org/x/sync/errgroup",
    "golang.org/x/sys/unix",
    "golang.org/x/time/rate",
    "gopkg.in/yaml.v2",
  ]
  solver-name = "gps-cdcl"
  solver-version = 1
